{
  "name": "ngx-twitter-api",
  "version": "0.4.1",
  "lockfileVersion": 1,
  "requires": true,
  "dependencies": {
    "@angular/common": {
      "version": "7.0.4",
      "resolved": "https://registry.npmjs.org/@angular/common/-/common-7.0.4.tgz",
      "integrity": "sha512-akQojdqY/RBlItkDWAPI3k0Llk1wnbAp+f47yySi3cgQz9SaZ1/RLNWZV84I/cKrksb4ehorT/lTqRBojsAD1A==",
      "requires": {
        "tslib": "^1.9.0"
      }
    },
    "@angular/core": {
      "version": "7.0.4",
      "resolved": "https://registry.npmjs.org/@angular/core/-/core-7.0.4.tgz",
      "integrity": "sha512-17SSmCz1wQoZKnVHF/T8UkWYPpDm5kPyoc1okkTTv8ZA2EAMMuZFFnRSAxEL5i7mNB9z5CvRqF2tRx/DbgbIRA==",
      "requires": {
        "tslib": "^1.9.0"
      }
    },
    "@angular/platform-browser": {
      "version": "7.0.4",
      "resolved": "https://registry.npmjs.org/@angular/platform-browser/-/platform-browser-7.0.4.tgz",
      "integrity": "sha512-4brYZZgsCJk1/a6JoSwaiVWO9+/T4iyE27dAgstao1nOf/jrBNKW2HnZtkWZmCCBK0WIk15wlB0Xr87OZbjNVA==",
      "requires": {
        "tslib": "^1.9.0"
      }
    },
    "@types/jssha": {
      "version": "0.0.29",
      "resolved": "http://registry.npmjs.org/@types/jssha/-/jssha-0.0.29.tgz",
      "integrity": "sha1-leg9uph4f/eW0tXzehklq/Qbycs="
    },
    "jssha": {
      "version": "2.3.1",
      "resolved": "https://registry.npmjs.org/jssha/-/jssha-2.3.1.tgz",
      "integrity": "sha1-FHshJTaQNcpLL30hDcU58Amz3po="
    },
    "rxjs": {
      "version": "6.3.3",
      "resolved": "https://registry.npmjs.org/rxjs/-/rxjs-6.3.3.tgz",
      "integrity": "sha512-JTWmoY9tWCs7zvIk/CvRjhjGaOd+OVBM987mxFo+OW66cGpdKjZcpmc74ES1sB//7Kl/PAe8+wEakuhG4pcgOw==",
      "requires": {
        "tslib": "^1.9.0"
      }
    },
    "tslib": {
      "version": "1.9.3",
      "resolved": "https://registry.npmjs.org/tslib/-/tslib-1.9.3.tgz",
      "integrity": "sha512-4krF8scpejhaOgqzBEcGM7yDIEfi0/8+8zDRZhNZZ2kjmHJ4hv3zCbQWxoJGz1iw5U0Jl0nma13xzHXcncMavQ=="
    },
    "typescript": {
      "version": "3.1.6",
      "resolved": "https://registry.npmjs.org/typescript/-/typescript-3.1.6.tgz",
      "integrity": "sha512-tDMYfVtvpb96msS1lDX9MEdHrW4yOuZ4Kdc4Him9oU796XldPYF/t2+uKoX0BBa0hXXwDlqYQbXY5Rzjzc5hBA==",
      "dev": true
    },
    "zone.js": {
      "version": "0.8.26",
      "resolved": "https://registry.npmjs.org/zone.js/-/zone.js-0.8.26.tgz",
      "integrity": "sha512-W9Nj+UmBJG251wkCacIkETgra4QgBo/vgoEkb4a2uoLzpQG7qF9nzwoLXWU5xj3Fg2mxGvEDh47mg24vXccYjA=="
    }
  }
}
